
Microsoft Visual Studio Solution File, Format Version 12.00
# Visual Studio 14
VisualStudioVersion = 14.0.25420.1
MinimumVisualStudioVersion = 10.0.40219.1
Project("{F184B08F-C81C-45F6-A57F-5ABD9991F28F}") = "Vinoteca", "BODEGA\Vinoteca.vbproj", "{CDCD3C8D-D65B-4DB2-9DFA-CD52BDC58F53}"
EndProject
Project("{54435603-DBB4-11D2-8724-00A0C9A8B90C}") = "Vinoteca_Instalador", "Vinoteca_Instalador\Vinoteca_Instalador.vdproj", "{43A50F89-F34E-4CE5-9488-7C61A6A9E0F4}"
EndProject
Global
	GlobalSection(SolutionConfigurationPlatforms) = preSolution
		Debug|Any CPU = Debug|Any CPU
		Release|Any CPU = Release|Any CPU
	EndGlobalSection
	GlobalSection(ProjectConfigurationPlatforms) = postSolution
		{CDCD3C8D-D65B-4DB2-9DFA-CD52BDC58F53}.Debug|Any CPU.ActiveCfg = Debug|Any CPU
		{CDCD3C8D-D65B-4DB2-9DFA-CD52BDC58F53}.Debug|Any CPU.Build.0 = Debug|Any CPU
		{CDCD3C8D-D65B-4DB2-9DFA-CD52BDC58F53}.Release|Any CPU.ActiveCfg = Release|Any CPU
		{CDCD3C8D-D65B-4DB2-9DFA-CD52BDC58F53}.Release|Any CPU.Build.0 = Release|Any CPU
		{43A50F89-F34E-4CE5-9488-7C61A6A9E0F4}.Debug|Any CPU.ActiveCfg = Debug
		{43A50F89-F34E-4CE5-9488-7C61A6A9E0F4}.Release|Any CPU.ActiveCfg = Release
		{43A50F89-F34E-4CE5-9488-7C61A6A9E0F4}.Release|Any CPU.Build.0 = Release
	EndGlobalSection
	GlobalSection(SolutionProperties) = preSolution
		HideSolutionNode = FALSE
	EndGlobalSection
EndGlobal
